# THIS IS AN AUTOGENERATED FILE. DO NOT EDIT THIS FILE DIRECTLY.
# yarn lockfile v1


"@framer/framer.default@^1.74.0":
  version "1.74.0"
  resolved "https://registry.framer.com/@framer/framer.default/-/@framer/framer.default-1.74.0.tgz#691c3ea9648888d2b92c2b67c4df1bb94fb3b3cd"
  integrity sha512-yA67FPeud/+TOGfM0BkVaetC9WbrHEWzqJ92sBCYJgxgUCq1NbO2n2fnWQSs/WCmHK/CdpW3L94G7yXnN3YSTQ==
  dependencies:
    react-feather "^2.0.3"

"@framer/framer.examples@^1.7.0":
  version "1.7.0"
  resolved "https://registry.framer.com/@framer/framer.examples/-/@framer/framer.examples-1.7.0.tgz#65c98f155b5cf78a89c88b9a7099790700678e56"
  integrity sha512-GA0jKhhUuNMrQaaVJUipp2o+tM2oX+vZAc3aE4bgpJ8Gs0DiCnl3l1er5QtiQAZUT/F3E9AEiKk6vOpFCAekjA==

"@framer/framer.lottie@^1.1.0":
  version "1.1.0"
  resolved "https://registry.framer.com/@framer/framer.lottie/-/@framer/framer.lottie-1.1.0.tgz#623813056d38ee883bb0fcf5c904d9e8c1f86076"
  integrity sha512-IfVQDk8Ke0goVXzjLrsVI6zaERgXBMviYD96P4080y9D1Td8jMeqfZEGc6Gam0kMHydfZONW99oiZ3mGQVE2+Q==
  dependencies:
    react-lottie "^1.2.3"

"@framer/graz.wireframe-kit@^1.0.0":
  version "1.0.0"
  resolved "https://registry.framer.com/@framer/graz.wireframe-kit/-/@framer/graz.wireframe-kit-1.0.0.tgz#50c186fb6590f3c99fcbbd47a75a176265e9051f"
  integrity sha1-UMGG+2WQ88mfy71Hp1oXYmXpBR8=

"@framer/koenbok.tab-bar@^1.3.0":
  version "1.3.0"
  resolved "https://registry.framer.com/@framer/koenbok.tab-bar/-/@framer/koenbok.tab-bar-1.3.0.tgz#f681491e0f62d7b198aa364c10a3286f016b0d07"
  integrity sha512-0MPzJ9PUlcVn+FzELBNQdoCh9Ky1M1BWcnfFGOyaFK95/6Bu/32HuP4QwK+A470qyicTJJnIX0YIY7wSa91ktA==

"@types/prop-types@*":
  version "15.7.0"
  resolved "https://registry.yarnpkg.com/@types/prop-types/-/prop-types-15.7.0.tgz#4c48fed958d6dcf9487195a0ef6456d5f6e0163a"
  integrity sha512-eItQyV43bj4rR3JPV0Skpl1SncRCdziTEK9/v8VwXmV6d/qOUO8/EuWeHBbCZcsfSHfzI5UyMJLCSXtxxznyZg==

"@types/react@^16.8":
  version "16.8.4"
  resolved "https://registry.yarnpkg.com/@types/react/-/react-16.8.4.tgz#134307f5266e866d5e7c25e47f31f9abd5b2ea34"
  integrity sha512-Mpz1NNMJvrjf0GcDqiK8+YeOydXfD8Mgag3UtqQ5lXYTsMnOiHcKmO48LiSWMb1rSHB9MV/jlgyNzeAVxWMZRQ==
  dependencies:
    "@types/prop-types" "*"
    csstype "^2.2.0"

babel-runtime@^6.26.0:
  version "6.26.0"
  resolved "https://registry.yarnpkg.com/babel-runtime/-/babel-runtime-6.26.0.tgz#965c7058668e82b55d7bfe04ff2337bc8b5647fe"
  integrity sha1-llxwWGaOgrVde/4E/yM3vItWR/4=
  dependencies:
    core-js "^2.4.0"
    regenerator-runtime "^0.11.0"

core-js@^2.4.0:
  version "2.6.11"
  resolved "https://registry.yarnpkg.com/core-js/-/core-js-2.6.11.tgz#38831469f9922bded8ee21c9dc46985e0399308c"
  integrity sha512-5wjnpaT/3dV+XB4borEsnAYQchn00XSgTAWKDkEqv+K8KevjbzmofK6hfJ9TZIlpj2N0xQpazy7PiRQiWHqzWg==

csstype@^2.2.0:
  version "2.6.1"
  resolved "https://registry.yarnpkg.com/csstype/-/csstype-2.6.1.tgz#4cfbf637a577497036ebcd7e32647ef19a0b8076"
  integrity sha512-wv7IRqCGsL7WGKB8gPvrl+++HlFM9kxAM6jL1EXNPNTshEJYilMkbfS2SnuHha77uosp/YVK0wAp2jmlBzn1tg==

"js-tokens@^3.0.0 || ^4.0.0":
  version "4.0.0"
  resolved "https://registry.yarnpkg.com/js-tokens/-/js-tokens-4.0.0.tgz#19203fb59991df98e3a287050d4647cdeaf32499"
  integrity sha512-RdJUflcE3cUzKiMqQgsCu06FPu9UdIJO0beYbPhHN4k6apgJtifcoCtT9bcxOpYBtpD2kCM6Sbzg4CausW/PKQ==

loose-envify@^1.4.0:
  version "1.4.0"
  resolved "https://registry.yarnpkg.com/loose-envify/-/loose-envify-1.4.0.tgz#71ee51fa7be4caec1a63839f7e682d8132d30caf"
  integrity sha512-lyuxPGr/Wfhrlem2CL/UcnUc1zcqKAImBDzukY7Y5F/yQiNdko6+fRLevlw1HgMySw7f611UIY408EtxRSoK3Q==
  dependencies:
    js-tokens "^3.0.0 || ^4.0.0"

lottie-web@^5.1.3:
  version "5.7.1"
  resolved "https://registry.yarnpkg.com/lottie-web/-/lottie-web-5.7.1.tgz#505f748a2dda836f7b582f811004c5ab8791c90c"
  integrity sha512-f7kO4Qcurldc9SWfGUuwgs96/SCT+hwATMCdMK6I/sd6EYK3Y0Ciz40yAvq0x9uXzrk6KKcnQrqijZM8Ir4Drg==

object-assign@^4.1.1:
  version "4.1.1"
  resolved "https://registry.yarnpkg.com/object-assign/-/object-assign-4.1.1.tgz#2109adc7965887cfc05cbbd442cac8bfbb360863"
  integrity sha1-IQmtx5ZYh8/AXLvUQsrIv7s2CGM=

prop-types@^15.7.2:
  version "15.7.2"
  resolved "https://registry.yarnpkg.com/prop-types/-/prop-types-15.7.2.tgz#52c41e75b8c87e72b9d9360e0206b99dcbffa6c5"
  integrity sha512-8QQikdH7//R2vurIJSutZ1smHYTcLpRWEOlHnzcWHmBYrOGUysKwSsrC89BCiFj3CbrfJ/nXFdJepOVrY1GCHQ==
  dependencies:
    loose-envify "^1.4.0"
    object-assign "^4.1.1"
    react-is "^16.8.1"

react-feather@^2.0.3:
  version "2.0.8"
  resolved "https://registry.yarnpkg.com/react-feather/-/react-feather-2.0.8.tgz#455baf1470f756a57e2ad6c72545444ce5925781"
  integrity sha512-J0dCEOvOxpovHeOVj3+8mAhN3/UERTfX6rSxnV6x4E+0s+STY536jhSjRfpSvTQA0SSFjYr4KrpPfdsLmK+zZg==
  dependencies:
    prop-types "^15.7.2"

react-is@^16.8.1:
  version "16.13.1"
  resolved "https://registry.yarnpkg.com/react-is/-/react-is-16.13.1.tgz#789729a4dc36de2999dc156dd6c1d9c18cea56a4"
  integrity sha512-24e6ynE2H+OKt4kqsOvNd8kBpV65zoxbA4BVsEOB3ARVWQki/DHzaUoC5KuON/BiccDaCCTZBuOcfZs70kR8bQ==

react-lottie@^1.2.3:
  version "1.2.3"
  resolved "https://registry.yarnpkg.com/react-lottie/-/react-lottie-1.2.3.tgz#8544b96939e088658072eea5e12d912cdaa3acc1"
  integrity sha512-qLCERxUr8M+4mm1LU0Ruxw5Y5Fn/OmYkGfnA+JDM/dZb3oKwVAJCjwnjkj9TMHtzR2U6sMEUD3ZZ1RaHagM7kA==
  dependencies:
    babel-runtime "^6.26.0"
    lottie-web "^5.1.3"

regenerator-runtime@^0.11.0:
  version "0.11.1"
  resolved "https://registry.yarnpkg.com/regenerator-runtime/-/regenerator-runtime-0.11.1.tgz#be05ad7f9bf7d22e056f9726cee5017fbf19e2e9"
  integrity sha512-MguG95oij0fC3QV3URf4V2SDYGJhJnJGqvIIgdECeODCT98wSWDAJ94SSuVpYQUoTcGUIL6L4yNB7j1DFFHSBg==
